// !$*UTF8*$!
{
	archiveVersion = 1;
	classes = {
	};
	objectVersion = 50;
	objects = {

/* Begin PBXBuildFile section */
		C323302A21110264003BF3F6 /* AppDelegate.swift in Sources */ = {isa = PBXBuildFile; fileRef = C323302921110264003BF3F6 /* AppDelegate.swift */; };
		C323302F21110264003BF3F6 /* Main.storyboard in Resources */ = {isa = PBXBuildFile; fileRef = C323302D21110264003BF3F6 /* Main.storyboard */; };
		C323303121110265003BF3F6 /* Assets.xcassets in Resources */ = {isa = PBXBuildFile; fileRef = C323303021110265003BF3F6 /* Assets.xcassets */; };
		C323303421110265003BF3F6 /* LaunchScreen.storyboard in Resources */ = {isa = PBXBuildFile; fileRef = C323303221110265003BF3F6 /* LaunchScreen.storyboard */; };
		C323303D211103D6003BF3F6 /* GenericTableViewController.swift in Sources */ = {isa = PBXBuildFile; fileRef = C323303C211103D6003BF3F6 /* GenericTableViewController.swift */; };
		C323303F211103E3003BF3F6 /* GenericTableViewCell.swift in Sources */ = {isa = PBXBuildFile; fileRef = C323303E211103E3003BF3F6 /* GenericTableViewCell.swift */; };
		C323304221110478003BF3F6 /* StartTableViewController.swift in Sources */ = {isa = PBXBuildFile; fileRef = C323304121110478003BF3F6 /* StartTableViewController.swift */; };
		C3233044211106A7003BF3F6 /* StartTableViewCell.swift in Sources */ = {isa = PBXBuildFile; fileRef = C3233043211106A6003BF3F6 /* StartTableViewCell.swift */; };
		C323304721110A62003BF3F6 /* Person.swift in Sources */ = {isa = PBXBuildFile; fileRef = C323304621110A62003BF3F6 /* Person.swift */; };
/* End PBXBuildFile section */

/* Begin PBXFileReference section */
		C323302621110264003BF3F6 /* GenericsAllOver.app */ = {isa = PBXFileReference; explicitFileType = wrapper.application; includeInIndex = 0; path = GenericsAllOver.app; sourceTree = BUILT_PRODUCTS_DIR; };
		C323302921110264003BF3F6 /* AppDelegate.swift */ = {isa = PBXFileReference; lastKnownFileType = sourcecode.swift; path = AppDelegate.swift; sourceTree = "<group>"; };
		C323302E21110264003BF3F6 /* Base */ = {isa = PBXFileReference; lastKnownFileType = file.storyboard; name = Base; path = Base.lproj/Main.storyboard; sourceTree = "<group>"; };
		C323303021110265003BF3F6 /* Assets.xcassets */ = {isa = PBXFileReference; lastKnownFileType = folder.assetcatalog; path = Assets.xcassets; sourceTree = "<group>"; };
		C323303321110265003BF3F6 /* Base */ = {isa = PBXFileReference; lastKnownFileType = file.storyboard; name = Base; path = Base.lproj/LaunchScreen.storyboard; sourceTree = "<group>"; };
		C323303521110266003BF3F6 /* Info.plist */ = {isa = PBXFileReference; lastKnownFileType = text.plist.xml; path = Info.plist; sourceTree = "<group>"; };
		C323303C211103D6003BF3F6 /* GenericTableViewController.swift */ = {isa = PBXFileReference; lastKnownFileType = sourcecode.swift; path = GenericTableViewController.swift; sourceTree = "<group>"; };
		C323303E211103E3003BF3F6 /* GenericTableViewCell.swift */ = {isa = PBXFileReference; lastKnownFileType = sourcecode.swift; path = GenericTableViewCell.swift; sourceTree = "<group>"; };
		C323304121110478003BF3F6 /* StartTableViewController.swift */ = {isa = PBXFileReference; lastKnownFileType = sourcecode.swift; path = StartTableViewController.swift; sourceTree = "<group>"; };
		C3233043211106A6003BF3F6 /* StartTableViewCell.swift */ = {isa = PBXFileReference; lastKnownFileType = sourcecode.swift; path = StartTableViewCell.swift; sourceTree = "<group>"; };
		C323304621110A62003BF3F6 /* Person.swift */ = {isa = PBXFileReference; lastKnownFileType = sourcecode.swift; path = Person.swift; sourceTree = "<group>"; };
/* End PBXFileReference section */

/* Begin PBXFrameworksBuildPhase section */
		C323302321110264003BF3F6 /* Frameworks */ = {
			isa = PBXFrameworksBuildPhase;
			buildActionMask = 2147483647;
			files = (
			);
			runOnlyForDeploymentPostprocessing = 0;
		};
/* End PBXFrameworksBuildPhase section */

/* Begin PBXGroup section */
		C323301D21110264003BF3F6 = {
			isa = PBXGroup;
			children = (
				C323302821110264003BF3F6 /* GenericsAllOver */,
				C323302721110264003BF3F6 /* Products */,
			);
			sourceTree = "<group>";
		};
		C323302721110264003BF3F6 /* Products */ = {
			isa = PBXGroup;
			children = (
				C323302621110264003BF3F6 /* GenericsAllOver.app */,
			);
			name = Products;
			sourceTree = "<group>";
		};
		C323302821110264003BF3F6 /* GenericsAllOver */ = {
			isa = PBXGroup;
			children = (
				C323304521110A56003BF3F6 /* Model */,
				C323304021110463003BF3F6 /* Controller */,
				C323303B211103A0003BF3F6 /* Generics */,
				C323302921110264003BF3F6 /* AppDelegate.swift */,
				C323302D21110264003BF3F6 /* Main.storyboard */,
				C323303021110265003BF3F6 /* Assets.xcassets */,
				C323303221110265003BF3F6 /* LaunchScreen.storyboard */,
				C323303521110266003BF3F6 /* Info.plist */,
			);
			path = GenericsAllOver;
			sourceTree = "<group>";
		};
		C323303B211103A0003BF3F6 /* Generics */ = {
			isa = PBXGroup;
			children = (
				C323303C211103D6003BF3F6 /* GenericTableViewController.swift */,
				C323303E211103E3003BF3F6 /* GenericTableViewCell.swift */,
			);
			path = Generics;
			sourceTree = "<group>";
		};
		C323304021110463003BF3F6 /* Controller */ = {
			isa = PBXGroup;
			children = (
				C323304121110478003BF3F6 /* StartTableViewController.swift */,
				C3233043211106A6003BF3F6 /* StartTableViewCell.swift */,
			);
			path = Controller;
			sourceTree = "<group>";
		};
		C323304521110A56003BF3F6 /* Model */ = {
			isa = PBXGroup;
			children = (
				C323304621110A62003BF3F6 /* Person.swift */,
			);
			path = Model;
			sourceTree = "<group>";
		};
/* End PBXGroup section */

/* Begin PBXNativeTarget section */
		C323302521110264003BF3F6 /* GenericsAllOver */ = {
			isa = PBXNativeTarget;
			buildConfigurationList = C323303821110266003BF3F6 /* Build configuration list for PBXNativeTarget "GenericsAllOver" */;
			buildPhases = (
				C323302221110264003BF3F6 /* Sources */,
				C323302321110264003BF3F6 /* Frameworks */,
				C323302421110264003BF3F6 /* Resources */,
			);
			buildRules = (
			);
			dependencies = (
			);
			name = GenericsAllOver;
			productName = GenericsAllOver;
			productReference = C323302621110264003BF3F6 /* GenericsAllOver.app */;
			productType = "com.apple.product-type.application";
		};
/* End PBXNativeTarget section */

/* Begin PBXProject section */
		C323301E21110264003BF3F6 /* Project object */ = {
			isa = PBXProject;
			attributes = {
				LastSwiftUpdateCheck = 0940;
				LastUpgradeCheck = 0940;
				ORGANIZATIONNAME = "Stanisław Kubiś";
				TargetAttributes = {
					C323302521110264003BF3F6 = {
						CreatedOnToolsVersion = 9.4.1;
					};
				};
			};
			buildConfigurationList = C323302121110264003BF3F6 /* Build configuration list for PBXProject "GenericsAllOver" */;
			compatibilityVersion = "Xcode 9.3";
			developmentRegion = en;
			hasScannedForEncodings = 0;
			knownRegions = (
				en,
				Base,
			);
			mainGroup = C323301D21110264003BF3F6;
			productRefGroup = C323302721110264003BF3F6 /* Products */;
			projectDirPath = "";
			projectRoot = "";
			targets = (
				C323302521110264003BF3F6 /* GenericsAllOver */,
			);
		};
/* End PBXProject section */

/* Begin PBXResourcesBuildPhase section */
		C323302421110264003BF3F6 /* Resources */ = {
			isa = PBXResourcesBuildPhase;
			buildActionMask = 2147483647;
			files = (
				C323303421110265003BF3F6 /* LaunchScreen.storyboard in Resources */,
				C323303121110265003BF3F6 /* Assets.xcassets in Resources */,
				C323302F21110264003BF3F6 /* Main.storyboard in Resources */,
			);
			runOnlyForDeploymentPostprocessing = 0;
		};
/* End PBXResourcesBuildPhase section */

/* Begin PBXSourcesBuildPhase section */
		C323302221110264003BF3F6 /* Sources */ = {
			isa = PBXSourcesBuildPhase;
			buildActionMask = 2147483647;
			files = (
				C323304721110A62003BF3F6 /* Person.swift in Sources */,
				C323303F211103E3003BF3F6 /* GenericTableViewCell.swift in Sources */,
				C323303D211103D6003BF3F6 /* GenericTableViewController.swift in Sources */,
				C323304221110478003BF3F6 /* StartTableViewController.swift in Sources */,
				C323302A21110264003BF3F6 /* AppDelegate.swift in Sources */,
				C3233044211106A7003BF3F6 /* StartTableViewCell.swift in Sources */,
			);
			runOnlyForDeploymentPostprocessing = 0;
		};
/* End PBXSourcesBuildPhase section */

/* Begin PBXVariantGroup section */
		C323302D21110264003BF3F6 /* Main.storyboard */ = {
			isa = PBXVariantGroup;
			children = (
				C323302E21110264003BF3F6 /* Base */,
			);
			name = Main.storyboard;
			sourceTree = "<group>";
		};
		C323303221110265003BF3F6 /* LaunchScreen.storyboard */ = {
			isa = PBXVariantGroup;
			children = (
				C323303321110265003BF3F6 /* Base */,
			);
			name = LaunchScreen.storyboard;
			sourceTree = "<group>";
		};
/* End PBXVariantGroup section */

/* Begin XCBuildConfiguration section */
		C323303621110266003BF3F6 /* Debug */ = {
			isa = XCBuildConfiguration;
			buildSettings = {
				ALWAYS_SEARCH_USER_PATHS = NO;
				CLANG_ANALYZER_NONNULL = YES;
				CLANG_ANALYZER_NUMBER_OBJECT_CONVERSION = YES_AGGRESSIVE;
				CLANG_CXX_LANGUAGE_STANDARD = "gnu++14";
				CLANG_CXX_LIBRARY = "libc++";
				CLANG_ENABLE_MODULES = YES;
				CLANG_ENABLE_OBJC_ARC = YES;
				CLANG_ENABLE_OBJC_WEAK = YES;
				CLANG_WARN_BLOCK_CAPTURE_AUTORELEASING = YES;
				CLANG_WARN_BOOL_CONVERSION = YES;
				CLANG_WARN_COMMA = YES;
				CLANG_WARN_CONSTANT_CONVERSION = YES;
				CLANG_WARN_DEPRECATED_OBJC_IMPLEMENTATIONS = YES;
				CLANG_WARN_DIRECT_OBJC_ISA_USAGE = YES_ERROR;
				CLANG_WARN_DOCUMENTATION_COMMENTS = YES;
				CLANG_WARN_EMPTY_BODY = YES;
				CLANG_WARN_ENUM_CONVERSION = YES;
				CLANG_WARN_INFINITE_RECURSION = YES;
				CLANG_WARN_INT_CONVERSION = YES;
				CLANG_WARN_NON_LITERAL_NULL_CONVERSION = YES;
				CLANG_WARN_OBJC_IMPLICIT_RETAIN_SELF = YES;
				CLANG_WARN_OBJC_LITERAL_CONVERSION = YES;
				CLANG_WARN_OBJC_ROOT_CLASS = YES_ERROR;
				CLANG_WARN_RANGE_LOOP_ANALYSIS = YES;
				CLANG_WARN_STRICT_PROTOTYPES = YES;
				CLANG_WARN_SUSPICIOUS_MOVE = YES;
				CLANG_WARN_UNGUARDED_AVAILABILITY = YES_AGGRESSIVE;
				CLANG_WARN_UNREACHABLE_CODE = YES;
				CLANG_WARN__DUPLICATE_METHOD_MATCH = YES;
				CODE_SIGN_IDENTITY = "iPhone Developer";
				COPY_PHASE_STRIP = NO;
				DEBUG_INFORMATION_FORMAT = dwarf;
				ENABLE_STRICT_OBJC_MSGSEND = YES;
				ENABLE_TESTABILITY = YES;
				GCC_C_LANGUAGE_STANDARD = gnu11;
				GCC_DYNAMIC_NO_PIC = NO;
				GCC_NO_COMMON_BLOCKS = YES;
				GCC_OPTIMIZATION_LEVEL = 0;
				GCC_PREPROCESSOR_DEFINITIONS = (
					"DEBUG=1",
					"$(inherited)",
				);
				GCC_WARN_64_TO_32_BIT_CONVERSION = YES;
				GCC_WARN_ABOUT_RETURN_TYPE = YES_ERROR;
				GCC_WARN_UNDECLARED_SELECTOR = YES;
				GCC_WARN_UNINITIALIZED_AUTOS = YES_AGGRESSIVE;
				GCC_WARN_UNUSED_FUNCTION = YES;
				GCC_WARN_UNUSED_VARIABLE = YES;
				IPHONEOS_DEPLOYMENT_TARGET = 11.4;
				MTL_ENABLE_DEBUG_INFO = YES;
				ONLY_ACTIVE_ARCH = YES;
				SDKROOT = iphoneos;
				SWIFT_ACTIVE_COMPILATION_CONDITIONS = DEBUG;
				SWIFT_OPTIMIZATION_LEVEL = "-Onone";
			};
			name = Debug;
		};
		C323303721110266003BF3F6 /* Release */ = {
			isa = XCBuildConfiguration;
			buildSettings = {
				ALWAYS_SEARCH_USER_PATHS = NO;
				CLANG_ANALYZER_NONNULL = YES;
				CLANG_ANALYZER_NUMBER_OBJECT_CONVERSION = YES_AGGRESSIVE;
				CLANG_CXX_LANGUAGE_STANDARD = "gnu++14";
				CLANG_CXX_LIBRARY = "libc++";
				CLANG_ENABLE_MODULES = YES;
				CLANG_ENABLE_OBJC_ARC = YES;
				CLANG_ENABLE_OBJC_WEAK = YES;
				CLANG_WARN_BLOCK_CAPTURE_AUTORELEASING = YES;
				CLANG_WARN_BOOL_CONVERSION = YES;
				CLANG_WARN_COMMA = YES;
				CLANG_WARN_CONSTANT_CONVERSION = YES;
				CLANG_WARN_DEPRECATED_OBJC_IMPLEMENTATIONS = YES;
				CLANG_WARN_DIRECT_OBJC_ISA_USAGE = YES_ERROR;
				CLANG_WARN_DOCUMENTATION_COMMENTS = YES;
				CLANG_WARN_EMPTY_BODY = YES;
				CLANG_WARN_ENUM_CONVERSION = YES;
				CLANG_WARN_INFINITE_RECURSION = YES;
				CLANG_WARN_INT_CONVERSION = YES;
				CLANG_WARN_NON_LITERAL_NULL_CONVERSION = YES;
				CLANG_WARN_OBJC_IMPLICIT_RETAIN_SELF = YES;
				CLANG_WARN_OBJC_LITERAL_CONVERSION = YES;
				CLANG_WARN_OBJC_ROOT_CLASS = YES_ERROR;
				CLANG_WARN_RANGE_LOOP_ANALYSIS = YES;
				CLANG_WARN_STRICT_PROTOTYPES = YES;
				CLANG_WARN_SUSPICIOUS_MOVE = YES;
				CLANG_WARN_UNGUARDED_AVAILABILITY = YES_AGGRESSIVE;
				CLANG_WARN_UNREACHABLE_CODE = YES;
				CLANG_WARN__DUPLICATE_METHOD_MATCH = YES;
				CODE_SIGN_IDENTITY = "iPhone Developer";
				COPY_PHASE_STRIP = NO;
				DEBUG_INFORMATION_FORMAT = "dwarf-with-dsym";
				ENABLE_NS_ASSERTIONS = NO;
				ENABLE_STRICT_OBJC_MSGSEND = YES;
				GCC_C_LANGUAGE_STANDARD = gnu11;
				GCC_NO_COMMON_BLOCKS = YES;
				GCC_WARN_64_TO_32_BIT_CONVERSION = YES;
				GCC_WARN_ABOUT_RETURN_TYPE = YES_ERROR;
				GCC_WARN_UNDECLARED_SELECTOR = YES;
				GCC_WARN_UNINITIALIZED_AUTOS = YES_AGGRESSIVE;
				GCC_WARN_UNUSED_FUNCTION = YES;
				GCC_WARN_UNUSED_VARIABLE = YES;
				IPHONEOS_DEPLOYMENT_TARGET = 11.4;
				MTL_ENABLE_DEBUG_INFO = NO;
				SDKROOT = iphoneos;
				SWIFT_COMPILATION_MODE = wholemodule;
				SWIFT_OPTIMIZATION_LEVEL = "-O";
				VALIDATE_PRODUCT = YES;
			};
			name = Release;
		};
		C323303921110266003BF3F6 /* Debug */ = {
			isa = XCBuildConfiguration;
			buildSettings = {
				ASSETCATALOG_COMPILER_APPICON_NAME = AppIcon;
				CODE_SIGN_STYLE = Automatic;
				INFOPLIST_FILE = GenericsAllOver/Info.plist;
				IPHONEOS_DEPLOYMENT_TARGET = 11.0;
				LD_RUNPATH_SEARCH_PATHS = (
					"$(inherited)",
					"@executable_path/Frameworks",
				);
				PRODUCT_BUNDLE_IDENTIFIER = com.sfqbis.GenericsAllOver;
				PRODUCT_NAME = "$(TARGET_NAME)";
				SWIFT_VERSION = 4.0;
				TARGETED_DEVICE_FAMILY = "1,2";
			};
			name = Debug;
		};
		C323303A21110266003BF3F6 /* Release */ = {
			isa = XCBuildConfiguration;
			buildSettings = {
				ASSETCATALOG_COMPILER_APPICON_NAME = AppIcon;
				CODE_SIGN_STYLE = Automatic;
				INFOPLIST_FILE = GenericsAllOver/Info.plist;
				IPHONEOS_DEPLOYMENT_TARGET = 11.0;
				LD_RUNPATH_SEARCH_PATHS = (
					"$(inherited)",
					"@executable_path/Frameworks",
				);
				PRODUCT_BUNDLE_IDENTIFIER = com.sfqbis.GenericsAllOver;
				PRODUCT_NAME = "$(TARGET_NAME)";
				SWIFT_VERSION = 4.0;
				TARGETED_DEVICE_FAMILY = "1,2";
			};
			name = Release;
		};
/* End XCBuildConfiguration section */

/* Begin XCConfigurationList section */
		C323302121110264003BF3F6 /* Build configuration list for PBXProject "GenericsAllOver" */ = {
			isa = XCConfigurationList;
			buildConfigurations = (
				C323303621110266003BF3F6 /* Debug */,
				C323303721110266003BF3F6 /* Release */,
			);
			defaultConfigurationIsVisible = 0;
			defaultConfigurationName = Release;
		};
		C323303821110266003BF3F6 /* Build configuration list for PBXNativeTarget "GenericsAllOver" */ = {
			isa = XCConfigurationList;
			buildConfigurations = (
				C323303921110266003BF3F6 /* Debug */,
				C323303A21110266003BF3F6 /* Release */,
			);
			defaultConfigurationIsVisible = 0;
			defaultConfigurationName = Release;
		};
/* End XCConfigurationList section */
	};
	rootObject = C323301E21110264003BF3F6 /* Project object */;
}
